
Microsoft Visual Studio Solution File, Format Version 12.00
# Blend for Visual Studio Version 17
VisualStudioVersion = 17.9.34607.119
MinimumVisualStudioVersion = 10.0.40219.1
Project("{FAE04EC0-301F-11D3-BF4B-00C04F79EFBC}") = "CBDownloader", "CBDownloader\CBDownloader.csproj", "{4FDFC774-05A3-4EFE-8886-7466E3646E6B}"
EndProject
Global
	GlobalSection(SolutionConfigurationPlatforms) = preSolution
		Debug|Any CPU = Debug|Any CPU
		Release|Any CPU = Release|Any CPU
	EndGlobalSection
	GlobalSection(ProjectConfigurationPlatforms) = postSolution
		{4FDFC774-05A3-4EFE-8886-7466E3646E6B}.Debug|Any CPU.ActiveCfg = Debug|Any CPU
		{4FDFC774-05A3-4EFE-8886-7466E3646E6B}.Debug|Any CPU.Build.0 = Debug|Any CPU
		{4FDFC774-05A3-4EFE-8886-7466E3646E6B}.Release|Any CPU.ActiveCfg = Release|Any CPU
		{4FDFC774-05A3-4EFE-8886-7466E3646E6B}.Release|Any CPU.Build.0 = Release|Any CPU
	EndGlobalSection
	GlobalSection(SolutionProperties) = preSolution
		HideSolutionNode = FALSE
	EndGlobalSection
	GlobalSection(ExtensibilityGlobals) = postSolution
		SolutionGuid = {1AF3FA9A-EF6C-4B31-8E1A-42377359DB71}
	EndGlobalSection
EndGlobal
